
Microsoft Visual Studio Solution File, Format Version 12.00
# Visual Studio Version 16
VisualStudioVersion = 16.0.29613.14
MinimumVisualStudioVersion = 10.0.40219.1
Project("{8BC9CEB8-8B4A-11D0-8D11-00A0C91BC942}") = "演讲比赛流程管理STL", "演讲比赛流程管理STL\演讲比赛流程管理STL.vcxproj", "{61D0AEA0-DA11-4971-9095-619FBD5BB258}"
EndProject
Global
	GlobalSection(SolutionConfigurationPlatforms) = preSolution
		Debug|x64 = Debug|x64
		Debug|x86 = Debug|x86
		Release|x64 = Release|x64
		Release|x86 = Release|x86
	EndGlobalSection
	GlobalSection(ProjectConfigurationPlatforms) = postSolution
		{61D0AEA0-DA11-4971-9095-619FBD5BB258}.Debug|x64.ActiveCfg = Debug|x64
		{61D0AEA0-DA11-4971-9095-619FBD5BB258}.Debug|x64.Build.0 = Debug|x64
		{61D0AEA0-DA11-4971-9095-619FBD5BB258}.Debug|x86.ActiveCfg = Debug|Win32
		{61D0AEA0-DA11-4971-9095-619FBD5BB258}.Debug|x86.Build.0 = Debug|Win32
		{61D0AEA0-DA11-4971-9095-619FBD5BB258}.Release|x64.ActiveCfg = Release|x64
		{61D0AEA0-DA11-4971-9095-619FBD5BB258}.Release|x64.Build.0 = Release|x64
		{61D0AEA0-DA11-4971-9095-619FBD5BB258}.Release|x86.ActiveCfg = Release|Win32
		{61D0AEA0-DA11-4971-9095-619FBD5BB258}.Release|x86.Build.0 = Release|Win32
	EndGlobalSection
	GlobalSection(SolutionProperties) = preSolution
		HideSolutionNode = FALSE
	EndGlobalSection
	GlobalSection(ExtensibilityGlobals) = postSolution
		SolutionGuid = {47DE9AB6-0973-4413-9D49-812507AED47B}
	EndGlobalSection
EndGlobal
